
Microsoft Visual Studio Solution File, Format Version 12.00
# Visual Studio Version 17
VisualStudioVersion = 17.11.35327.3
MinimumVisualStudioVersion = 10.0.40219.1
Project("{FAE04EC0-301F-11D3-BF4B-00C04F79EFBC}") = "Examen1aAv", "Examen1aAv\Examen1aAv.csproj", "{CE637DE0-F076-4C83-B972-857AE5AD5071}"
EndProject
Global
	GlobalSection(SolutionConfigurationPlatforms) = preSolution
		Debug|Any CPU = Debug|Any CPU
		Release|Any CPU = Release|Any CPU
	EndGlobalSection
	GlobalSection(ProjectConfigurationPlatforms) = postSolution
		{CE637DE0-F076-4C83-B972-857AE5AD5071}.Debug|Any CPU.ActiveCfg = Debug|Any CPU
		{CE637DE0-F076-4C83-B972-857AE5AD5071}.Debug|Any CPU.Build.0 = Debug|Any CPU
		{CE637DE0-F076-4C83-B972-857AE5AD5071}.Release|Any CPU.ActiveCfg = Release|Any CPU
		{CE637DE0-F076-4C83-B972-857AE5AD5071}.Release|Any CPU.Build.0 = Release|Any CPU
	EndGlobalSection
	GlobalSection(SolutionProperties) = preSolution
		HideSolutionNode = FALSE
	EndGlobalSection
	GlobalSection(ExtensibilityGlobals) = postSolution
		SolutionGuid = {51E16FCC-8CA2-4EF8-A640-260CF935D84F}
	EndGlobalSection
EndGlobal
